
Microsoft Visual Studio Solution File, Format Version 12.00
# Visual Studio Version 17
VisualStudioVersion = 17.8.34330.188
MinimumVisualStudioVersion = 10.0.40219.1
Project("{FAE04EC0-301F-11D3-BF4B-00C04F79EFBC}") = "SimpleDN8WebWithAuth", "SimpleDN8WebWithAuth\SimpleDN8WebWithAuth.csproj", "{2CD53121-CEF3-4EC7-B743-E1ED0C610FC3}"
EndProject
Global
	GlobalSection(SolutionConfigurationPlatforms) = preSolution
		Debug|Any CPU = Debug|Any CPU
		Release|Any CPU = Release|Any CPU
	EndGlobalSection
	GlobalSection(ProjectConfigurationPlatforms) = postSolution
		{2CD53121-CEF3-4EC7-B743-E1ED0C610FC3}.Debug|Any CPU.ActiveCfg = Debug|Any CPU
		{2CD53121-CEF3-4EC7-B743-E1ED0C610FC3}.Debug|Any CPU.Build.0 = Debug|Any CPU
		{2CD53121-CEF3-4EC7-B743-E1ED0C610FC3}.Release|Any CPU.ActiveCfg = Release|Any CPU
		{2CD53121-CEF3-4EC7-B743-E1ED0C610FC3}.Release|Any CPU.Build.0 = Release|Any CPU
	EndGlobalSection
	GlobalSection(SolutionProperties) = preSolution
		HideSolutionNode = FALSE
	EndGlobalSection
	GlobalSection(ExtensibilityGlobals) = postSolution
		SolutionGuid = {F1F05261-4DAA-47E4-9264-5F2773527886}
	EndGlobalSection
EndGlobal
